// !$*UTF8*$!
{
	archiveVersion = 1;
	classes = {
	};
	objectVersion = 46;
	objects = {

/* Begin PBXBuildFile section */
		AE317B931C5BB4E90035D9EE /* SettlerFailedPropertiesFetchUISpec.swift in Sources */ = {isa = PBXBuildFile; fileRef = DE99C79A69A6D51A3E1E2A55 /* SettlerFailedPropertiesFetchUISpec.swift */; };
		AEB431F71C593D16003B41FF /* Nimble.framework in CopyFiles */ = {isa = PBXBuildFile; fileRef = AEFA71761C59228A00CC5D98 /* Nimble.framework */; settings = {ATTRIBUTES = (CodeSignOnCopy, RemoveHeadersOnCopy, ); }; };
		AEB432381C5A200C003B41FF /* PropertyService.swift in Sources */ = {isa = PBXBuildFile; fileRef = AEB432371C5A200C003B41FF /* PropertyService.swift */; };
		AEB4323A1C5A2029003B41FF /* PropertyServiceSpec.swift in Sources */ = {isa = PBXBuildFile; fileRef = AEB432391C5A2029003B41FF /* PropertyServiceSpec.swift */; };
		AEB4323C1C5A2A38003B41FF /* Alamofire.framework in Frameworks */ = {isa = PBXBuildFile; fileRef = AEB4323B1C5A2A38003B41FF /* Alamofire.framework */; };
		AEB4323F1C5A2AEB003B41FF /* Alamofire.framework in CopyFiles */ = {isa = PBXBuildFile; fileRef = AEB4323B1C5A2A38003B41FF /* Alamofire.framework */; settings = {ATTRIBUTES = (CodeSignOnCopy, RemoveHeadersOnCopy, ); }; };
		AEB432411C5A43A7003B41FF /* SwiftyJSON.framework in Frameworks */ = {isa = PBXBuildFile; fileRef = AEB432401C5A43A7003B41FF /* SwiftyJSON.framework */; };
		AEB432421C5A43D1003B41FF /* SwiftyJSON.framework in CopyFiles */ = {isa = PBXBuildFile; fileRef = AEB432401C5A43A7003B41FF /* SwiftyJSON.framework */; settings = {ATTRIBUTES = (CodeSignOnCopy, RemoveHeadersOnCopy, ); }; };
		AEB4327B1C5A7566003B41FF /* Quick.framework in Frameworks */ = {isa = PBXBuildFile; fileRef = AEFA71771C59228A00CC5D98 /* Quick.framework */; };
		AEB4327C1C5A756A003B41FF /* Nimble.framework in Frameworks */ = {isa = PBXBuildFile; fileRef = AEFA71761C59228A00CC5D98 /* Nimble.framework */; };
		AEB432921C5A7877003B41FF /* Nimble.framework in Frameworks */ = {isa = PBXBuildFile; fileRef = AEFA71761C59228A00CC5D98 /* Nimble.framework */; };
		AEB432931C5A7877003B41FF /* Quick.framework in Frameworks */ = {isa = PBXBuildFile; fileRef = AEFA71771C59228A00CC5D98 /* Quick.framework */; };
		AEB432951C5A7885003B41FF /* Nimble.framework in CopyFiles */ = {isa = PBXBuildFile; fileRef = AEFA71761C59228A00CC5D98 /* Nimble.framework */; settings = {ATTRIBUTES = (CodeSignOnCopy, RemoveHeadersOnCopy, ); }; };
		AEB432961C5A7885003B41FF /* Quick.framework in CopyFiles */ = {isa = PBXBuildFile; fileRef = AEFA71771C59228A00CC5D98 /* Quick.framework */; settings = {ATTRIBUTES = (CodeSignOnCopy, RemoveHeadersOnCopy, ); }; };
		AEB432971C5A78C3003B41FF /* SettlerUISpec.swift in Sources */ = {isa = PBXBuildFile; fileRef = AEFA71311C57DD7000CC5D98 /* SettlerUISpec.swift */; };
		AEB432A31C5B5F80003B41FF /* OHHTTPStubs.framework in Frameworks */ = {isa = PBXBuildFile; fileRef = AEB432431C5A4408003B41FF /* OHHTTPStubs.framework */; };
		AEB432A41C5B5F82003B41FF /* OHHTTPStubs.framework in CopyFiles */ = {isa = PBXBuildFile; fileRef = AEB432431C5A4408003B41FF /* OHHTTPStubs.framework */; settings = {ATTRIBUTES = (CodeSignOnCopy, RemoveHeadersOnCopy, ); }; };
		AEFA713B1C57E9BB00CC5D98 /* PropertyCell.swift in Sources */ = {isa = PBXBuildFile; fileRef = AEFA713A1C57E9BB00CC5D98 /* PropertyCell.swift */; };
		AEFA717E1C59311400CC5D98 /* Quick.framework in CopyFiles */ = {isa = PBXBuildFile; fileRef = AEFA71771C59228A00CC5D98 /* Quick.framework */; settings = {ATTRIBUTES = (CodeSignOnCopy, RemoveHeadersOnCopy, ); }; };
		DE99C165186C199F81005618 /* UITestFixtures.swift in Sources */ = {isa = PBXBuildFile; fileRef = DE99C004DD0E909C3AFA83BA /* UITestFixtures.swift */; };
		DE99C1D980F0EBFF5739CCBD /* UITestFixtures.swift in Sources */ = {isa = PBXBuildFile; fileRef = DE99C004DD0E909C3AFA83BA /* UITestFixtures.swift */; };
		DE99C344D66248EEBB417804 /* PropertySerializer.swift in Sources */ = {isa = PBXBuildFile; fileRef = DE99C396D4D7FA6B9B979893 /* PropertySerializer.swift */; };
		DE99C39A547EB8FF5267D7D2 /* PropertyServiceFactory.swift in Sources */ = {isa = PBXBuildFile; fileRef = DE99C26F0C3656DF41052936 /* PropertyServiceFactory.swift */; };
		DE99C3C188EC0D142892C1E9 /* SettlerHttpSpec.swift in Sources */ = {isa = PBXBuildFile; fileRef = DE99C8282C5D73858B3C0F15 /* SettlerHttpSpec.swift */; };
		DE99C454CCFD120E20D75A4B /* PropertyListTableViewController.swift in Sources */ = {isa = PBXBuildFile; fileRef = DE99CF294B2F2FB1505FCA67 /* PropertyListTableViewController.swift */; };
		DE99C650116F6CE7649D48FF /* HttpStubs.swift in Sources */ = {isa = PBXBuildFile; fileRef = DE99C654B4B13E578F936430 /* HttpStubs.swift */; };
		DE99C6BA363B48CE1ECC0B18 /* HttpStubs.swift in Sources */ = {isa = PBXBuildFile; fileRef = DE99C654B4B13E578F936430 /* HttpStubs.swift */; };
		DE99C726215887C3EE18F095 /* MockPropertyService.swift in Sources */ = {isa = PBXBuildFile; fileRef = DE99C53E161CBA525A214D1F /* MockPropertyService.swift */; };
		DE99C78C80914D7030D4D5B5 /* LaunchScreen.storyboard in Resources */ = {isa = PBXBuildFile; fileRef = DE99C0876651F0C10F63E99B /* LaunchScreen.storyboard */; };
		DE99CA0C349EE55F983E0779 /* PropertySerializerSpec.swift in Sources */ = {isa = PBXBuildFile; fileRef = DE99C2CE286E6419F5C43853 /* PropertySerializerSpec.swift */; };
		DE99CA683ACE3EE948EC8987 /* SettlerSpec.swift in Sources */ = {isa = PBXBuildFile; fileRef = DE99CA6F0A7629E72C8668B9 /* SettlerSpec.swift */; };
		DE99CC65BF3C232B5EA556CF /* Property.swift in Sources */ = {isa = PBXBuildFile; fileRef = DE99C8B08D0D0F39022F30AA /* Property.swift */; };
		DE99CCA43102293CAC35B26C /* AppDelegate.swift in Sources */ = {isa = PBXBuildFile; fileRef = DE99CC7263FDB4494749903B /* AppDelegate.swift */; };
		DE99CD2926ED69E06EB27A8D /* Assets.xcassets in Resources */ = {isa = PBXBuildFile; fileRef = DE99C33C697C420A06E48509 /* Assets.xcassets */; };
		DE99CF2160F960C3A9410075 /* Main.storyboard in Resources */ = {isa = PBXBuildFile; fileRef = DE99C3D281275F300D1C2A32 /* Main.storyboard */; };
		DE99CF4ACE07F0ADE0C15B6E /* HttpStubs.swift in Sources */ = {isa = PBXBuildFile; fileRef = DE99C654B4B13E578F936430 /* HttpStubs.swift */; };
/* End PBXBuildFile section */

/* Begin PBXContainerItemProxy section */
		AEB4328D1C5A7849003B41FF /* PBXContainerItemProxy */ = {
			isa = PBXContainerItemProxy;
			containerPortal = DE99CFFCB9B69A0001ECC98F /* Project object */;
			proxyType = 1;
			remoteGlobalIDString = DE99CA0D954517A09E479FED;
			remoteInfo = Settler;
		};
		DE99C4BC1AC5F8A2E2304256 /* PBXContainerItemProxy */ = {
			isa = PBXContainerItemProxy;
			containerPortal = DE99CFFCB9B69A0001ECC98F /* Project object */;
			proxyType = 1;
			remoteGlobalIDString = DE99CA0D954517A09E479FED;
			remoteInfo = Settler;
		};
/* End PBXContainerItemProxy section */

/* Begin PBXCopyFilesBuildPhase section */
		AEB4323E1C5A2AD9003B41FF /* CopyFiles */ = {
			isa = PBXCopyFilesBuildPhase;
			buildActionMask = 2147483647;
			dstPath = "";
			dstSubfolderSpec = 10;
			files = (
				AEB4323F1C5A2AEB003B41FF /* Alamofire.framework in CopyFiles */,
				AEB432421C5A43D1003B41FF /* SwiftyJSON.framework in CopyFiles */,
			);
			runOnlyForDeploymentPostprocessing = 0;
		};
		AEB432941C5A787F003B41FF /* CopyFiles */ = {
			isa = PBXCopyFilesBuildPhase;
			buildActionMask = 2147483647;
			dstPath = "";
			dstSubfolderSpec = 10;
			files = (
				AEB432951C5A7885003B41FF /* Nimble.framework in CopyFiles */,
				AEB432961C5A7885003B41FF /* Quick.framework in CopyFiles */,
			);
			runOnlyForDeploymentPostprocessing = 0;
		};
		AEFA71751C59227D00CC5D98 /* CopyFiles */ = {
			isa = PBXCopyFilesBuildPhase;
			buildActionMask = 2147483647;
			dstPath = "";
			dstSubfolderSpec = 10;
			files = (
				AEFA717E1C59311400CC5D98 /* Quick.framework in CopyFiles */,
				AEB431F71C593D16003B41FF /* Nimble.framework in CopyFiles */,
				AEB432A41C5B5F82003B41FF /* OHHTTPStubs.framework in CopyFiles */,
			);
			runOnlyForDeploymentPostprocessing = 0;
		};
/* End PBXCopyFilesBuildPhase section */

/* Begin PBXFileReference section */
		AEB432371C5A200C003B41FF /* PropertyService.swift */ = {isa = PBXFileReference; fileEncoding = 4; lastKnownFileType = sourcecode.swift; path = PropertyService.swift; sourceTree = "<group>"; };
		AEB432391C5A2029003B41FF /* PropertyServiceSpec.swift */ = {isa = PBXFileReference; fileEncoding = 4; lastKnownFileType = sourcecode.swift; path = PropertyServiceSpec.swift; sourceTree = "<group>"; };
		AEB4323B1C5A2A38003B41FF /* Alamofire.framework */ = {isa = PBXFileReference; lastKnownFileType = wrapper.framework; name = Alamofire.framework; path = Carthage/Build/iOS/Alamofire.framework; sourceTree = "<group>"; };
		AEB432401C5A43A7003B41FF /* SwiftyJSON.framework */ = {isa = PBXFileReference; lastKnownFileType = wrapper.framework; name = SwiftyJSON.framework; path = Carthage/Build/iOS/SwiftyJSON.framework; sourceTree = "<group>"; };
		AEB432431C5A4408003B41FF /* OHHTTPStubs.framework */ = {isa = PBXFileReference; lastKnownFileType = wrapper.framework; name = OHHTTPStubs.framework; path = Carthage/Build/iOS/OHHTTPStubs.framework; sourceTree = "<group>"; };
		AEB432881C5A7849003B41FF /* SettlerUITests.xctest */ = {isa = PBXFileReference; explicitFileType = wrapper.cfbundle; includeInIndex = 0; path = SettlerUITests.xctest; sourceTree = BUILT_PRODUCTS_DIR; };
		AEFA71311C57DD7000CC5D98 /* SettlerUISpec.swift */ = {isa = PBXFileReference; lastKnownFileType = sourcecode.swift; path = SettlerUISpec.swift; sourceTree = "<group>"; };
		AEFA71331C57DD7000CC5D98 /* Info.plist */ = {isa = PBXFileReference; lastKnownFileType = text.plist.xml; path = Info.plist; sourceTree = "<group>"; };
		AEFA713A1C57E9BB00CC5D98 /* PropertyCell.swift */ = {isa = PBXFileReference; fileEncoding = 4; lastKnownFileType = sourcecode.swift; path = PropertyCell.swift; sourceTree = "<group>"; };
		AEFA71761C59228A00CC5D98 /* Nimble.framework */ = {isa = PBXFileReference; lastKnownFileType = wrapper.framework; name = Nimble.framework; path = Carthage/Build/iOS/Nimble.framework; sourceTree = "<group>"; };
		AEFA71771C59228A00CC5D98 /* Quick.framework */ = {isa = PBXFileReference; lastKnownFileType = wrapper.framework; name = Quick.framework; path = Carthage/Build/iOS/Quick.framework; sourceTree = "<group>"; };
		DE99C004DD0E909C3AFA83BA /* UITestFixtures.swift */ = {isa = PBXFileReference; fileEncoding = 4; lastKnownFileType = sourcecode.swift; path = UITestFixtures.swift; sourceTree = "<group>"; };
		DE99C1C088A42FE9E9C1606C /* Info.plist */ = {isa = PBXFileReference; lastKnownFileType = text.plist.info; path = Info.plist; sourceTree = "<group>"; };
		DE99C26F0C3656DF41052936 /* PropertyServiceFactory.swift */ = {isa = PBXFileReference; fileEncoding = 4; lastKnownFileType = sourcecode.swift; path = PropertyServiceFactory.swift; sourceTree = "<group>"; };
		DE99C2CE286E6419F5C43853 /* PropertySerializerSpec.swift */ = {isa = PBXFileReference; fileEncoding = 4; lastKnownFileType = sourcecode.swift; path = PropertySerializerSpec.swift; sourceTree = "<group>"; };
		DE99C33C697C420A06E48509 /* Assets.xcassets */ = {isa = PBXFileReference; lastKnownFileType = folder.assetcatalog; path = Assets.xcassets; sourceTree = "<group>"; };
		DE99C396D4D7FA6B9B979893 /* PropertySerializer.swift */ = {isa = PBXFileReference; fileEncoding = 4; lastKnownFileType = sourcecode.swift; path = PropertySerializer.swift; sourceTree = "<group>"; };
		DE99C3A7C872C76AEE74E648 /* SettlerTests.xctest */ = {isa = PBXFileReference; explicitFileType = wrapper.cfbundle; includeInIndex = 0; path = SettlerTests.xctest; sourceTree = BUILT_PRODUCTS_DIR; };
		DE99C4F1F34D08E833C9D2D7 /* HISTORY.md */ = {isa = PBXFileReference; fileEncoding = 4; lastKnownFileType = net.daringfireball.markdown; path = HISTORY.md; sourceTree = "<group>"; };
		DE99C509F144BF5E84C0E687 /* .pairs */ = {isa = PBXFileReference; lastKnownFileType = file.pairs; path = .pairs; sourceTree = "<group>"; };
		DE99C53E161CBA525A214D1F /* MockPropertyService.swift */ = {isa = PBXFileReference; fileEncoding = 4; lastKnownFileType = sourcecode.swift; path = MockPropertyService.swift; sourceTree = "<group>"; };
		DE99C654B4B13E578F936430 /* HttpStubs.swift */ = {isa = PBXFileReference; fileEncoding = 4; lastKnownFileType = sourcecode.swift; path = HttpStubs.swift; sourceTree = "<group>"; };
		DE99C79A69A6D51A3E1E2A55 /* SettlerFailedPropertiesFetchUISpec.swift */ = {isa = PBXFileReference; fileEncoding = 4; lastKnownFileType = sourcecode.swift; path = SettlerFailedPropertiesFetchUISpec.swift; sourceTree = "<group>"; };
		DE99C8282C5D73858B3C0F15 /* SettlerHttpSpec.swift */ = {isa = PBXFileReference; fileEncoding = 4; lastKnownFileType = sourcecode.swift; path = SettlerHttpSpec.swift; sourceTree = "<group>"; };
		DE99C8904882890E8384061F /* Base */ = {isa = PBXFileReference; lastKnownFileType = file.storyboard; name = Base; path = Base.lproj/Main.storyboard; sourceTree = "<group>"; };
		DE99C8B08D0D0F39022F30AA /* Property.swift */ = {isa = PBXFileReference; fileEncoding = 4; lastKnownFileType = sourcecode.swift; path = Property.swift; sourceTree = "<group>"; };
		DE99CA6F0A7629E72C8668B9 /* SettlerSpec.swift */ = {isa = PBXFileReference; lastKnownFileType = sourcecode.swift; path = SettlerSpec.swift; sourceTree = "<group>"; };
		DE99CAA88B37F8CDA8457435 /* Settler.app */ = {isa = PBXFileReference; explicitFileType = wrapper.application; includeInIndex = 0; path = Settler.app; sourceTree = BUILT_PRODUCTS_DIR; };
		DE99CB264AF81A7D5EA5928E /* Base */ = {isa = PBXFileReference; lastKnownFileType = file.storyboard; name = Base; path = Base.lproj/LaunchScreen.storyboard; sourceTree = "<group>"; };
		DE99CC7263FDB4494749903B /* AppDelegate.swift */ = {isa = PBXFileReference; lastKnownFileType = sourcecode.swift; path = AppDelegate.swift; sourceTree = "<group>"; };
		DE99CE093A2922603055F3D4 /* Info.plist */ = {isa = PBXFileReference; lastKnownFileType = text.plist.info; path = Info.plist; sourceTree = "<group>"; };
		DE99CF294B2F2FB1505FCA67 /* PropertyListTableViewController.swift */ = {isa = PBXFileReference; lastKnownFileType = sourcecode.swift; path = PropertyListTableViewController.swift; sourceTree = "<group>"; };
		DE99CF3B53B37CC32D420D25 /* .gitignore */ = {isa = PBXFileReference; lastKnownFileType = file.gitignore; path = .gitignore; sourceTree = "<group>"; };
/* End PBXFileReference section */

/* Begin PBXFrameworksBuildPhase section */
		AEB432851C5A7849003B41FF /* Frameworks */ = {
			isa = PBXFrameworksBuildPhase;
			buildActionMask = 2147483647;
			files = (
				AEB432921C5A7877003B41FF /* Nimble.framework in Frameworks */,
				AEB432931C5A7877003B41FF /* Quick.framework in Frameworks */,
			);
			runOnlyForDeploymentPostprocessing = 0;
		};
		DE99C2D8E5D007D31C73607E /* Frameworks */ = {
			isa = PBXFrameworksBuildPhase;
			buildActionMask = 2147483647;
			files = (
				AEB4327B1C5A7566003B41FF /* Quick.framework in Frameworks */,
				AEB4327C1C5A756A003B41FF /* Nimble.framework in Frameworks */,
				AEB432A31C5B5F80003B41FF /* OHHTTPStubs.framework in Frameworks */,
			);
			runOnlyForDeploymentPostprocessing = 0;
		};
		DE99C2EFD6512A0A11DF5BE5 /* Frameworks */ = {
			isa = PBXFrameworksBuildPhase;
			buildActionMask = 2147483647;
			files = (
				AEB432411C5A43A7003B41FF /* SwiftyJSON.framework in Frameworks */,
				AEB4323C1C5A2A38003B41FF /* Alamofire.framework in Frameworks */,
			);
			runOnlyForDeploymentPostprocessing = 0;
		};
/* End PBXFrameworksBuildPhase section */

/* Begin PBXGroup section */
		AEB432481C5A5F43003B41FF /* Property */ = {
			isa = PBXGroup;
			children = (
				AEB432371C5A200C003B41FF /* PropertyService.swift */,
				DE99C8B08D0D0F39022F30AA /* Property.swift */,
				DE99C396D4D7FA6B9B979893 /* PropertySerializer.swift */,
				DE99C26F0C3656DF41052936 /* PropertyServiceFactory.swift */,
				DE99C53E161CBA525A214D1F /* MockPropertyService.swift */,
				DE99C654B4B13E578F936430 /* HttpStubs.swift */,
				DE99C004DD0E909C3AFA83BA /* UITestFixtures.swift */,
			);
			name = Property;
			sourceTree = "<group>";
		};
		AEB432491C5A64B7003B41FF /* Property */ = {
			isa = PBXGroup;
			children = (
				AEB432391C5A2029003B41FF /* PropertyServiceSpec.swift */,
				DE99C2CE286E6419F5C43853 /* PropertySerializerSpec.swift */,
			);
			name = Property;
			sourceTree = "<group>";
		};
		AEFA71301C57DD7000CC5D98 /* SettlerUITests */ = {
			isa = PBXGroup;
			children = (
				AEFA71311C57DD7000CC5D98 /* SettlerUISpec.swift */,
				AEFA71331C57DD7000CC5D98 /* Info.plist */,
				DE99C79A69A6D51A3E1E2A55 /* SettlerFailedPropertiesFetchUISpec.swift */,
			);
			path = SettlerUITests;
			sourceTree = "<group>";
		};
		AEFA717A1C59306A00CC5D98 /* Frameworks */ = {
			isa = PBXGroup;
			children = (
				AEB432431C5A4408003B41FF /* OHHTTPStubs.framework */,
				AEB432401C5A43A7003B41FF /* SwiftyJSON.framework */,
				AEB4323B1C5A2A38003B41FF /* Alamofire.framework */,
				AEFA71761C59228A00CC5D98 /* Nimble.framework */,
				AEFA71771C59228A00CC5D98 /* Quick.framework */,
			);
			name = Frameworks;
			sourceTree = "<group>";
		};
		DE99C19A46660FF1139326C1 = {
			isa = PBXGroup;
			children = (
				AEFA717A1C59306A00CC5D98 /* Frameworks */,
				DE99C916C69E9DE8D7D751F9 /* Products */,
				DE99CF8B06062F555E7F27B0 /* Settler */,
				AEFA71301C57DD7000CC5D98 /* SettlerUITests */,
				DE99CD20C5DE375ED4D81B81 /* SettlerTests */,
				DE99CF3B53B37CC32D420D25 /* .gitignore */,
				DE99C509F144BF5E84C0E687 /* .pairs */,
				DE99C4F1F34D08E833C9D2D7 /* HISTORY.md */,
			);
			sourceTree = "<group>";
		};
		DE99C916C69E9DE8D7D751F9 /* Products */ = {
			isa = PBXGroup;
			children = (
				DE99CAA88B37F8CDA8457435 /* Settler.app */,
				DE99C3A7C872C76AEE74E648 /* SettlerTests.xctest */,
				AEB432881C5A7849003B41FF /* SettlerUITests.xctest */,
			);
			name = Products;
			sourceTree = "<group>";
		};
		DE99CD20C5DE375ED4D81B81 /* SettlerTests */ = {
			isa = PBXGroup;
			children = (
				DE99C8282C5D73858B3C0F15 /* SettlerHttpSpec.swift */,
				AEB432491C5A64B7003B41FF /* Property */,
				DE99C1C088A42FE9E9C1606C /* Info.plist */,
				DE99CA6F0A7629E72C8668B9 /* SettlerSpec.swift */,
			);
			path = SettlerTests;
			sourceTree = "<group>";
		};
		DE99CF8B06062F555E7F27B0 /* Settler */ = {
			isa = PBXGroup;
			children = (
				AEB432481C5A5F43003B41FF /* Property */,
				DE99CE093A2922603055F3D4 /* Info.plist */,
				DE99C33C697C420A06E48509 /* Assets.xcassets */,
				DE99C0876651F0C10F63E99B /* LaunchScreen.storyboard */,
				DE99CC7263FDB4494749903B /* AppDelegate.swift */,
				AEFA713A1C57E9BB00CC5D98 /* PropertyCell.swift */,
				DE99C3D281275F300D1C2A32 /* Main.storyboard */,
				DE99CF294B2F2FB1505FCA67 /* PropertyListTableViewController.swift */,
			);
			path = Settler;
			sourceTree = "<group>";
		};
/* End PBXGroup section */

/* Begin PBXNativeTarget section */
		AEB432871C5A7849003B41FF /* SettlerUITests */ = {
			isa = PBXNativeTarget;
			buildConfigurationList = AEB4328F1C5A7849003B41FF /* Build configuration list for PBXNativeTarget "SettlerUITests" */;
			buildPhases = (
				AEB432841C5A7849003B41FF /* Sources */,
				AEB432851C5A7849003B41FF /* Frameworks */,
				AEB432861C5A7849003B41FF /* Resources */,
				AEB432941C5A787F003B41FF /* CopyFiles */,
			);
			buildRules = (
			);
			dependencies = (
				AEB4328E1C5A7849003B41FF /* PBXTargetDependency */,
			);
			name = SettlerUITests;
			productName = SettlerUITests;
			productReference = AEB432881C5A7849003B41FF /* SettlerUITests.xctest */;
			productType = "com.apple.product-type.bundle.ui-testing";
		};
		DE99C8F5978C9B78C55EA29D /* SettlerTests */ = {
			isa = PBXNativeTarget;
			buildConfigurationList = DE99C996DAE25844585F40B5 /* Build configuration list for PBXNativeTarget "SettlerTests" */;
			buildPhases = (
				DE99C00249DEAF4B036E373A /* Sources */,
				DE99C2D8E5D007D31C73607E /* Frameworks */,
				DE99C5D81CCA4B1902E6F2E8 /* Resources */,
				AEFA71751C59227D00CC5D98 /* CopyFiles */,
			);
			buildRules = (
			);
			dependencies = (
				DE99C4521134166C4F56BD2C /* PBXTargetDependency */,
			);
			name = SettlerTests;
			productName = SettlerTests;
			productReference = DE99C3A7C872C76AEE74E648 /* SettlerTests.xctest */;
			productType = "com.apple.product-type.bundle.unit-test";
		};
		DE99CA0D954517A09E479FED /* Settler */ = {
			isa = PBXNativeTarget;
			buildConfigurationList = DE99CC4272D0935FF4B42875 /* Build configuration list for PBXNativeTarget "Settler" */;
			buildPhases = (
				DE99CF0B066A0D1EFE153BC0 /* Sources */,
				DE99C2EFD6512A0A11DF5BE5 /* Frameworks */,
				DE99C480C8CFF05BD7C86C2D /* Resources */,
				AEB4323E1C5A2AD9003B41FF /* CopyFiles */,
			);
			buildRules = (
			);
			dependencies = (
			);
			name = Settler;
			productName = Settler;
			productReference = DE99CAA88B37F8CDA8457435 /* Settler.app */;
			productType = "com.apple.product-type.application";
		};
/* End PBXNativeTarget section */

/* Begin PBXProject section */
		DE99CFFCB9B69A0001ECC98F /* Project object */ = {
			isa = PBXProject;
			attributes = {
				LastSwiftUpdateCheck = 0720;
				LastUpgradeCheck = 0720;
				ORGANIZATIONNAME = "Pivotal Labs";
				TargetAttributes = {
					AEB432871C5A7849003B41FF = {
						CreatedOnToolsVersion = 7.2;
						TestTargetID = DE99CA0D954517A09E479FED;
					};
				};
			};
			buildConfigurationList = DE99C064A3A9FABE57B183F4 /* Build configuration list for PBXProject "Settler" */;
			compatibilityVersion = "Xcode 3.2";
			developmentRegion = English;
			hasScannedForEncodings = 0;
			knownRegions = (
				en,
			);
			mainGroup = DE99C19A46660FF1139326C1;
			productRefGroup = DE99C916C69E9DE8D7D751F9 /* Products */;
			projectDirPath = "";
			projectRoot = "";
			targets = (
				DE99CA0D954517A09E479FED /* Settler */,
				DE99C8F5978C9B78C55EA29D /* SettlerTests */,
				AEB432871C5A7849003B41FF /* SettlerUITests */,
			);
		};
/* End PBXProject section */

/* Begin PBXResourcesBuildPhase section */
		AEB432861C5A7849003B41FF /* Resources */ = {
			isa = PBXResourcesBuildPhase;
			buildActionMask = 2147483647;
			files = (
			);
			runOnlyForDeploymentPostprocessing = 0;
		};
		DE99C480C8CFF05BD7C86C2D /* Resources */ = {
			isa = PBXResourcesBuildPhase;
			buildActionMask = 2147483647;
			files = (
				DE99CD2926ED69E06EB27A8D /* Assets.xcassets in Resources */,
				DE99C78C80914D7030D4D5B5 /* LaunchScreen.storyboard in Resources */,
				DE99CF2160F960C3A9410075 /* Main.storyboard in Resources */,
			);
			runOnlyForDeploymentPostprocessing = 0;
		};
		DE99C5D81CCA4B1902E6F2E8 /* Resources */ = {
			isa = PBXResourcesBuildPhase;
			buildActionMask = 2147483647;
			files = (
			);
			runOnlyForDeploymentPostprocessing = 0;
		};
/* End PBXResourcesBuildPhase section */

/* Begin PBXSourcesBuildPhase section */
		AEB432841C5A7849003B41FF /* Sources */ = {
			isa = PBXSourcesBuildPhase;
			buildActionMask = 2147483647;
			files = (
				AEB432971C5A78C3003B41FF /* SettlerUISpec.swift in Sources */,
				AE317B931C5BB4E90035D9EE /* SettlerFailedPropertiesFetchUISpec.swift in Sources */,
				DE99C650116F6CE7649D48FF /* HttpStubs.swift in Sources */,
				DE99C1D980F0EBFF5739CCBD /* UITestFixtures.swift in Sources */,
			);
			runOnlyForDeploymentPostprocessing = 0;
		};
		DE99C00249DEAF4B036E373A /* Sources */ = {
			isa = PBXSourcesBuildPhase;
			buildActionMask = 2147483647;
			files = (
				AEB4323A1C5A2029003B41FF /* PropertyServiceSpec.swift in Sources */,
				DE99CA683ACE3EE948EC8987 /* SettlerSpec.swift in Sources */,
				DE99CA0C349EE55F983E0779 /* PropertySerializerSpec.swift in Sources */,
				DE99C3C188EC0D142892C1E9 /* SettlerHttpSpec.swift in Sources */,
				DE99C6BA363B48CE1ECC0B18 /* HttpStubs.swift in Sources */,
			);
			runOnlyForDeploymentPostprocessing = 0;
		};
		DE99CF0B066A0D1EFE153BC0 /* Sources */ = {
			isa = PBXSourcesBuildPhase;
			buildActionMask = 2147483647;
			files = (
				DE99CCA43102293CAC35B26C /* AppDelegate.swift in Sources */,
				AEFA713B1C57E9BB00CC5D98 /* PropertyCell.swift in Sources */,
				AEB432381C5A200C003B41FF /* PropertyService.swift in Sources */,
				DE99C454CCFD120E20D75A4B /* PropertyListTableViewController.swift in Sources */,
				DE99CC65BF3C232B5EA556CF /* Property.swift in Sources */,
				DE99C344D66248EEBB417804 /* PropertySerializer.swift in Sources */,
				DE99C39A547EB8FF5267D7D2 /* PropertyServiceFactory.swift in Sources */,
				DE99C726215887C3EE18F095 /* MockPropertyService.swift in Sources */,
				DE99CF4ACE07F0ADE0C15B6E /* HttpStubs.swift in Sources */,
				DE99C165186C199F81005618 /* UITestFixtures.swift in Sources */,
			);
			runOnlyForDeploymentPostprocessing = 0;
		};
/* End PBXSourcesBuildPhase section */

/* Begin PBXTargetDependency section */
		AEB4328E1C5A7849003B41FF /* PBXTargetDependency */ = {
			isa = PBXTargetDependency;
			target = DE99CA0D954517A09E479FED /* Settler */;
			targetProxy = AEB4328D1C5A7849003B41FF /* PBXContainerItemProxy */;
		};
		DE99C4521134166C4F56BD2C /* PBXTargetDependency */ = {
			isa = PBXTargetDependency;
			target = DE99CA0D954517A09E479FED /* Settler */;
			targetProxy = DE99C4BC1AC5F8A2E2304256 /* PBXContainerItemProxy */;
		};
/* End PBXTargetDependency section */

/* Begin PBXVariantGroup section */
		DE99C0876651F0C10F63E99B /* LaunchScreen.storyboard */ = {
			isa = PBXVariantGroup;
			children = (
				DE99CB264AF81A7D5EA5928E /* Base */,
			);
			name = LaunchScreen.storyboard;
			sourceTree = "<group>";
		};
		DE99C3D281275F300D1C2A32 /* Main.storyboard */ = {
			isa = PBXVariantGroup;
			children = (
				DE99C8904882890E8384061F /* Base */,
			);
			name = Main.storyboard;
			sourceTree = "<group>";
		};
/* End PBXVariantGroup section */

/* Begin XCBuildConfiguration section */
		AEB432901C5A7849003B41FF /* Debug */ = {
			isa = XCBuildConfiguration;
			buildSettings = {
				FRAMEWORK_SEARCH_PATHS = (
					"$(inherited)",
					"$(PROJECT_DIR)/Carthage/Build/iOS",
				);
				INFOPLIST_FILE = SettlerUITests/Info.plist;
				LD_RUNPATH_SEARCH_PATHS = "$(inherited) @executable_path/Frameworks @loader_path/Frameworks";
				PRODUCT_BUNDLE_IDENTIFIER = io.pivotal.example.SettlerUITests;
				PRODUCT_NAME = "$(TARGET_NAME)";
				TEST_TARGET_NAME = Settler;
				USES_XCTRUNNER = YES;
			};
			name = Debug;
		};
		AEB432911C5A7849003B41FF /* Release */ = {
			isa = XCBuildConfiguration;
			buildSettings = {
				FRAMEWORK_SEARCH_PATHS = (
					"$(inherited)",
					"$(PROJECT_DIR)/Carthage/Build/iOS",
				);
				INFOPLIST_FILE = SettlerUITests/Info.plist;
				LD_RUNPATH_SEARCH_PATHS = "$(inherited) @executable_path/Frameworks @loader_path/Frameworks";
				PRODUCT_BUNDLE_IDENTIFIER = io.pivotal.example.SettlerUITests;
				PRODUCT_NAME = "$(TARGET_NAME)";
				TEST_TARGET_NAME = Settler;
				USES_XCTRUNNER = YES;
			};
			name = Release;
		};
		DE99C04EAABB3106DDF7EFF8 /* Release */ = {
			isa = XCBuildConfiguration;
			buildSettings = {
				ALWAYS_SEARCH_USER_PATHS = NO;
				CLANG_CXX_LANGUAGE_STANDARD = "gnu++0x";
				CLANG_CXX_LIBRARY = "libc++";
				CLANG_ENABLE_MODULES = YES;
				CLANG_ENABLE_OBJC_ARC = YES;
				CLANG_WARN_BOOL_CONVERSION = YES;
				CLANG_WARN_CONSTANT_CONVERSION = YES;
				CLANG_WARN_DIRECT_OBJC_ISA_USAGE = YES_ERROR;
				CLANG_WARN_EMPTY_BODY = YES;
				CLANG_WARN_ENUM_CONVERSION = YES;
				CLANG_WARN_INT_CONVERSION = YES;
				CLANG_WARN_OBJC_ROOT_CLASS = YES_ERROR;
				CLANG_WARN_UNREACHABLE_CODE = YES;
				CLANG_WARN__DUPLICATE_METHOD_MATCH = YES;
				"CODE_SIGN_IDENTITY[sdk=iphoneos*]" = "iPhone Developer";
				COPY_PHASE_STRIP = NO;
				DEBUG_INFORMATION_FORMAT = "dwarf-with-dsym";
				ENABLE_NS_ASSERTIONS = NO;
				ENABLE_STRICT_OBJC_MSGSEND = YES;
				GCC_C_LANGUAGE_STANDARD = gnu99;
				GCC_NO_COMMON_BLOCKS = YES;
				GCC_WARN_64_TO_32_BIT_CONVERSION = YES;
				GCC_WARN_ABOUT_RETURN_TYPE = YES_ERROR;
				GCC_WARN_UNDECLARED_SELECTOR = YES;
				GCC_WARN_UNINITIALIZED_AUTOS = YES_AGGRESSIVE;
				GCC_WARN_UNUSED_FUNCTION = YES;
				GCC_WARN_UNUSED_VARIABLE = YES;
				IPHONEOS_DEPLOYMENT_TARGET = 9.2;
				MTL_ENABLE_DEBUG_INFO = NO;
				SDKROOT = iphoneos;
				VALIDATE_PRODUCT = YES;
			};
			name = Release;
		};
		DE99C05BCBE307A9EE4ED864 /* Debug */ = {
			isa = XCBuildConfiguration;
			buildSettings = {
				ASSETCATALOG_COMPILER_APPICON_NAME = AppIcon;
				FRAMEWORK_SEARCH_PATHS = (
					"$(inherited)",
					"$(PROJECT_DIR)/Carthage/Build/iOS",
				);
				INFOPLIST_FILE = Settler/Info.plist;
				LD_RUNPATH_SEARCH_PATHS = "$(inherited) @executable_path/Frameworks";
				OTHER_SWIFT_FLAGS = "-DDEBUG";
				PRODUCT_BUNDLE_IDENTIFIER = io.pivotal.Settler;
				PRODUCT_NAME = "$(TARGET_NAME)";
			};
			name = Debug;
		};
		DE99C2D9B1C02E6574A03492 /* Debug */ = {
			isa = XCBuildConfiguration;
			buildSettings = {
				ALWAYS_SEARCH_USER_PATHS = NO;
				CLANG_CXX_LANGUAGE_STANDARD = "gnu++0x";
				CLANG_CXX_LIBRARY = "libc++";
				CLANG_ENABLE_MODULES = YES;
				CLANG_ENABLE_OBJC_ARC = YES;
				CLANG_WARN_BOOL_CONVERSION = YES;
				CLANG_WARN_CONSTANT_CONVERSION = YES;
				CLANG_WARN_DIRECT_OBJC_ISA_USAGE = YES_ERROR;
				CLANG_WARN_EMPTY_BODY = YES;
				CLANG_WARN_ENUM_CONVERSION = YES;
				CLANG_WARN_INT_CONVERSION = YES;
				CLANG_WARN_OBJC_ROOT_CLASS = YES_ERROR;
				CLANG_WARN_UNREACHABLE_CODE = YES;
				CLANG_WARN__DUPLICATE_METHOD_MATCH = YES;
				"CODE_SIGN_IDENTITY[sdk=iphoneos*]" = "iPhone Developer";
				COPY_PHASE_STRIP = NO;
				DEBUG_INFORMATION_FORMAT = dwarf;
				ENABLE_STRICT_OBJC_MSGSEND = YES;
				ENABLE_TESTABILITY = YES;
				GCC_C_LANGUAGE_STANDARD = gnu99;
				GCC_DYNAMIC_NO_PIC = NO;
				GCC_NO_COMMON_BLOCKS = YES;
				GCC_OPTIMIZATION_LEVEL = 0;
				GCC_PREPROCESSOR_DEFINITIONS = (
					"DEBUG=1",
					"$(inherited)",
				);
				GCC_WARN_64_TO_32_BIT_CONVERSION = YES;
				GCC_WARN_ABOUT_RETURN_TYPE = YES_ERROR;
				GCC_WARN_UNDECLARED_SELECTOR = YES;
				GCC_WARN_UNINITIALIZED_AUTOS = YES_AGGRESSIVE;
				GCC_WARN_UNUSED_FUNCTION = YES;
				GCC_WARN_UNUSED_VARIABLE = YES;
				IPHONEOS_DEPLOYMENT_TARGET = 9.2;
				MTL_ENABLE_DEBUG_INFO = YES;
				ONLY_ACTIVE_ARCH = YES;
				SDKROOT = iphoneos;
				SWIFT_OPTIMIZATION_LEVEL = "-Onone";
			};
			name = Debug;
		};
		DE99C3C9A8A3E816D178EE7C /* Release */ = {
			isa = XCBuildConfiguration;
			buildSettings = {
				BUNDLE_LOADER = "$(BUILT_PRODUCTS_DIR)/Settler.app/Settler";
				FRAMEWORK_SEARCH_PATHS = (
					"$(inherited)",
					"$(PROJECT_DIR)/Carthage/Build/iOS",
				);
				INFOPLIST_FILE = SettlerTests/Info.plist;
				LD_RUNPATH_SEARCH_PATHS = "$(inherited) @executable_path/Frameworks @loader_path/Frameworks";
				PRODUCT_BUNDLE_IDENTIFIER = io.pivotal.SettlerTests;
				PRODUCT_NAME = "$(TARGET_NAME)";
				TEST_HOST = "$(BUNDLE_LOADER)";
			};
			name = Release;
		};
		DE99C6633C3388177471AB66 /* Debug */ = {
			isa = XCBuildConfiguration;
			buildSettings = {
				BUNDLE_LOADER = "$(BUILT_PRODUCTS_DIR)/Settler.app/Settler";
				FRAMEWORK_SEARCH_PATHS = (
					"$(inherited)",
					"$(PROJECT_DIR)/Carthage/Build/iOS",
				);
				INFOPLIST_FILE = SettlerTests/Info.plist;
				LD_RUNPATH_SEARCH_PATHS = "$(inherited) @executable_path/Frameworks @loader_path/Frameworks";
				PRODUCT_BUNDLE_IDENTIFIER = io.pivotal.SettlerTests;
				PRODUCT_NAME = "$(TARGET_NAME)";
				TEST_HOST = "$(BUNDLE_LOADER)";
			};
			name = Debug;
		};
		DE99CB9A0C4896833117006F /* Release */ = {
			isa = XCBuildConfiguration;
			buildSettings = {
				ASSETCATALOG_COMPILER_APPICON_NAME = AppIcon;
				FRAMEWORK_SEARCH_PATHS = (
					"$(inherited)",
					"$(PROJECT_DIR)/Carthage/Build/iOS",
				);
				INFOPLIST_FILE = Settler/Info.plist;
				LD_RUNPATH_SEARCH_PATHS = "$(inherited) @executable_path/Frameworks";
				PRODUCT_BUNDLE_IDENTIFIER = io.pivotal.Settler;
				PRODUCT_NAME = "$(TARGET_NAME)";
			};
			name = Release;
		};
/* End XCBuildConfiguration section */

/* Begin XCConfigurationList section */
		AEB4328F1C5A7849003B41FF /* Build configuration list for PBXNativeTarget "SettlerUITests" */ = {
			isa = XCConfigurationList;
			buildConfigurations = (
				AEB432901C5A7849003B41FF /* Debug */,
				AEB432911C5A7849003B41FF /* Release */,
			);
			defaultConfigurationIsVisible = 0;
			defaultConfigurationName = Release;
		};
		DE99C064A3A9FABE57B183F4 /* Build configuration list for PBXProject "Settler" */ = {
			isa = XCConfigurationList;
			buildConfigurations = (
				DE99C2D9B1C02E6574A03492 /* Debug */,
				DE99C04EAABB3106DDF7EFF8 /* Release */,
			);
			defaultConfigurationIsVisible = 0;
			defaultConfigurationName = Release;
		};
		DE99C996DAE25844585F40B5 /* Build configuration list for PBXNativeTarget "SettlerTests" */ = {
			isa = XCConfigurationList;
			buildConfigurations = (
				DE99C6633C3388177471AB66 /* Debug */,
				DE99C3C9A8A3E816D178EE7C /* Release */,
			);
			defaultConfigurationIsVisible = 0;
			defaultConfigurationName = Release;
		};
		DE99CC4272D0935FF4B42875 /* Build configuration list for PBXNativeTarget "Settler" */ = {
			isa = XCConfigurationList;
			buildConfigurations = (
				DE99C05BCBE307A9EE4ED864 /* Debug */,
				DE99CB9A0C4896833117006F /* Release */,
			);
			defaultConfigurationIsVisible = 0;
			defaultConfigurationName = Release;
		};
/* End XCConfigurationList section */
	};
	rootObject = DE99CFFCB9B69A0001ECC98F /* Project object */;
}
